
Microsoft Visual Studio Solution File, Format Version 12.00
# Visual Studio 15
VisualStudioVersion = 15.0.27130.2036
MinimumVisualStudioVersion = 10.0.40219.1
Project("{FAE04EC0-301F-11D3-BF4B-00C04F79EFBC}") = "JobPosting", "JobPosting\JobPosting.csproj", "{99E5A090-CEF2-4572-A94F-A48BEBC4CCA7}"
EndProject
Project("{FAE04EC0-301F-11D3-BF4B-00C04F79EFBC}") = "JobPosting.UI", "JobPosting.UI\JobPosting.UI.csproj", "{0D7DAA11-8705-4B44-9085-5E0579255852}"
EndProject
Project("{FAE04EC0-301F-11D3-BF4B-00C04F79EFBC}") = "JobPosting.UI.Tests", "JobPosting.UI.Tests\JobPosting.UI.Tests.csproj", "{43E17F01-4ACF-4FCA-BD4F-57A0B7C6BD6A}"
EndProject
Global
	GlobalSection(SolutionConfigurationPlatforms) = preSolution
		Debug|Any CPU = Debug|Any CPU
		Release|Any CPU = Release|Any CPU
	EndGlobalSection
	GlobalSection(ProjectConfigurationPlatforms) = postSolution
		{99E5A090-CEF2-4572-A94F-A48BEBC4CCA7}.Debug|Any CPU.ActiveCfg = Debug|Any CPU
		{99E5A090-CEF2-4572-A94F-A48BEBC4CCA7}.Debug|Any CPU.Build.0 = Debug|Any CPU
		{99E5A090-CEF2-4572-A94F-A48BEBC4CCA7}.Release|Any CPU.ActiveCfg = Release|Any CPU
		{99E5A090-CEF2-4572-A94F-A48BEBC4CCA7}.Release|Any CPU.Build.0 = Release|Any CPU
		{0D7DAA11-8705-4B44-9085-5E0579255852}.Debug|Any CPU.ActiveCfg = Debug|Any CPU
		{0D7DAA11-8705-4B44-9085-5E0579255852}.Debug|Any CPU.Build.0 = Debug|Any CPU
		{0D7DAA11-8705-4B44-9085-5E0579255852}.Release|Any CPU.ActiveCfg = Release|Any CPU
		{0D7DAA11-8705-4B44-9085-5E0579255852}.Release|Any CPU.Build.0 = Release|Any CPU
		{43E17F01-4ACF-4FCA-BD4F-57A0B7C6BD6A}.Debug|Any CPU.ActiveCfg = Debug|Any CPU
		{43E17F01-4ACF-4FCA-BD4F-57A0B7C6BD6A}.Debug|Any CPU.Build.0 = Debug|Any CPU
		{43E17F01-4ACF-4FCA-BD4F-57A0B7C6BD6A}.Release|Any CPU.ActiveCfg = Release|Any CPU
		{43E17F01-4ACF-4FCA-BD4F-57A0B7C6BD6A}.Release|Any CPU.Build.0 = Release|Any CPU
	EndGlobalSection
	GlobalSection(SolutionProperties) = preSolution
		HideSolutionNode = FALSE
	EndGlobalSection
	GlobalSection(ExtensibilityGlobals) = postSolution
		SolutionGuid = {3995F21B-B398-4871-9EE1-2A190CA4A6D5}
	EndGlobalSection
EndGlobal
